
Microsoft Visual Studio Solution File, Format Version 12.00
# Visual Studio 15
VisualStudioVersion = 15.0.28307.421
MinimumVisualStudioVersion = 10.0.40219.1
Project("{FAE04EC0-301F-11D3-BF4B-00C04F79EFBC}") = "rallyeLecture - ajout eleves", "rallyeLecture - ajout eleves\rallyeLecture - ajout eleves.csproj", "{EC91C769-2F24-4830-9345-57C67498550D}"
EndProject
Global
	GlobalSection(SolutionConfigurationPlatforms) = preSolution
		Debug|Any CPU = Debug|Any CPU
		Release|Any CPU = Release|Any CPU
	EndGlobalSection
	GlobalSection(ProjectConfigurationPlatforms) = postSolution
		{EC91C769-2F24-4830-9345-57C67498550D}.Debug|Any CPU.ActiveCfg = Debug|Any CPU
		{EC91C769-2F24-4830-9345-57C67498550D}.Debug|Any CPU.Build.0 = Debug|Any CPU
		{EC91C769-2F24-4830-9345-57C67498550D}.Release|Any CPU.ActiveCfg = Release|Any CPU
		{EC91C769-2F24-4830-9345-57C67498550D}.Release|Any CPU.Build.0 = Release|Any CPU
	EndGlobalSection
	GlobalSection(SolutionProperties) = preSolution
		HideSolutionNode = FALSE
	EndGlobalSection
	GlobalSection(ExtensibilityGlobals) = postSolution
		SolutionGuid = {7D07BE04-0048-4BC1-9028-91E10C6F5D33}
	EndGlobalSection
EndGlobal
